
Microsoft Visual Studio Solution File, Format Version 12.00
# Visual Studio 2013
VisualStudioVersion = 12.0.31101.0
MinimumVisualStudioVersion = 10.0.40219.1
Project("{FAE04EC0-301F-11D3-BF4B-00C04F79EFBC}") = "TaskAPI", "TaskAPI\TaskAPI.csproj", "{E9958CAC-FEB1-4DCD-ABAB-7F8918010918}"
EndProject
Project("{FAE04EC0-301F-11D3-BF4B-00C04F79EFBC}") = "TaskService", "TaskService\TaskService.csproj", "{5C3C7388-94B2-4DD6-B95B-00F4D8B97312}"
EndProject
Project("{FAE04EC0-301F-11D3-BF4B-00C04F79EFBC}") = "TaskService.UnitTest", "TaskService.UnitTest\TaskService.UnitTest.csproj", "{1158C349-D74E-4BEE-B344-EBE27FE7A2DD}"
EndProject
Global
	GlobalSection(SolutionConfigurationPlatforms) = preSolution
		Debug|Any CPU = Debug|Any CPU
		Release|Any CPU = Release|Any CPU
	EndGlobalSection
	GlobalSection(ProjectConfigurationPlatforms) = postSolution
		{E9958CAC-FEB1-4DCD-ABAB-7F8918010918}.Debug|Any CPU.ActiveCfg = Debug|Any CPU
		{E9958CAC-FEB1-4DCD-ABAB-7F8918010918}.Debug|Any CPU.Build.0 = Debug|Any CPU
		{E9958CAC-FEB1-4DCD-ABAB-7F8918010918}.Release|Any CPU.ActiveCfg = Release|Any CPU
		{E9958CAC-FEB1-4DCD-ABAB-7F8918010918}.Release|Any CPU.Build.0 = Release|Any CPU
		{5C3C7388-94B2-4DD6-B95B-00F4D8B97312}.Debug|Any CPU.ActiveCfg = Debug|Any CPU
		{5C3C7388-94B2-4DD6-B95B-00F4D8B97312}.Debug|Any CPU.Build.0 = Debug|Any CPU
		{5C3C7388-94B2-4DD6-B95B-00F4D8B97312}.Release|Any CPU.ActiveCfg = Release|Any CPU
		{5C3C7388-94B2-4DD6-B95B-00F4D8B97312}.Release|Any CPU.Build.0 = Release|Any CPU
		{1158C349-D74E-4BEE-B344-EBE27FE7A2DD}.Debug|Any CPU.ActiveCfg = Debug|Any CPU
		{1158C349-D74E-4BEE-B344-EBE27FE7A2DD}.Debug|Any CPU.Build.0 = Debug|Any CPU
		{1158C349-D74E-4BEE-B344-EBE27FE7A2DD}.Release|Any CPU.ActiveCfg = Release|Any CPU
		{1158C349-D74E-4BEE-B344-EBE27FE7A2DD}.Release|Any CPU.Build.0 = Release|Any CPU
	EndGlobalSection
	GlobalSection(SolutionProperties) = preSolution
		HideSolutionNode = FALSE
	EndGlobalSection
	GlobalSection(ExtensibilityGlobals) = postSolution
		EnterpriseLibraryConfigurationToolBinariesPathV6 = packages\EnterpriseLibrary.Common.6.0.1304.0\lib\NET45;packages\EnterpriseLibrary.PolicyInjection.6.0.1304.0\lib\NET45
	EndGlobalSection
EndGlobal
